
Microsoft Visual Studio Solution File, Format Version 12.00
# Visual Studio Version 16
VisualStudioVersion = 16.0.30804.86
MinimumVisualStudioVersion = 10.0.40219.1
Project("{FAE04EC0-301F-11D3-BF4B-00C04F79EFBC}") = "WindowsFormsApp5", "WindowsFormsApp5\WindowsFormsApp5.csproj", "{70E475F4-72B6-48CA-9F28-1ABAC4782A4A}"
EndProject
Global
	GlobalSection(SolutionConfigurationPlatforms) = preSolution
		Debug|Any CPU = Debug|Any CPU
		Release|Any CPU = Release|Any CPU
	EndGlobalSection
	GlobalSection(ProjectConfigurationPlatforms) = postSolution
		{70E475F4-72B6-48CA-9F28-1ABAC4782A4A}.Debug|Any CPU.ActiveCfg = Debug|Any CPU
		{70E475F4-72B6-48CA-9F28-1ABAC4782A4A}.Debug|Any CPU.Build.0 = Debug|Any CPU
		{70E475F4-72B6-48CA-9F28-1ABAC4782A4A}.Release|Any CPU.ActiveCfg = Release|Any CPU
		{70E475F4-72B6-48CA-9F28-1ABAC4782A4A}.Release|Any CPU.Build.0 = Release|Any CPU
	EndGlobalSection
	GlobalSection(SolutionProperties) = preSolution
		HideSolutionNode = FALSE
	EndGlobalSection
	GlobalSection(ExtensibilityGlobals) = postSolution
		SolutionGuid = {F6F9DD3D-7E7A-4AA3-B472-7C918D073A6C}
	EndGlobalSection
EndGlobal
